
Microsoft Visual Studio Solution File, Format Version 12.00
# Visual Studio Version 16
VisualStudioVersion = 16.0.29503.13
MinimumVisualStudioVersion = 10.0.40219.1
Project("{FAE04EC0-301F-11D3-BF4B-00C04F79EFBC}") = "CourseworkTracker", "CourseworkTracker\CourseworkTracker.csproj", "{BCF931C4-7603-415B-8E0A-EA0ED630682B}"
EndProject
Global
	GlobalSection(SolutionConfigurationPlatforms) = preSolution
		Debug|Any CPU = Debug|Any CPU
		Release|Any CPU = Release|Any CPU
	EndGlobalSection
	GlobalSection(ProjectConfigurationPlatforms) = postSolution
		{BCF931C4-7603-415B-8E0A-EA0ED630682B}.Debug|Any CPU.ActiveCfg = Debug|Any CPU
		{BCF931C4-7603-415B-8E0A-EA0ED630682B}.Debug|Any CPU.Build.0 = Debug|Any CPU
		{BCF931C4-7603-415B-8E0A-EA0ED630682B}.Release|Any CPU.ActiveCfg = Release|Any CPU
		{BCF931C4-7603-415B-8E0A-EA0ED630682B}.Release|Any CPU.Build.0 = Release|Any CPU
	EndGlobalSection
	GlobalSection(SolutionProperties) = preSolution
		HideSolutionNode = FALSE
	EndGlobalSection
	GlobalSection(ExtensibilityGlobals) = postSolution
		SolutionGuid = {AAB2FF35-6308-4246-984C-D3A883DFAD32}
	EndGlobalSection
EndGlobal
